
Microsoft Visual Studio Solution File, Format Version 12.00
Project("{FAE04EC0-301F-11D3-BF4B-00C04F79EFBC}") = "Functional-CSharp", "Functional-CSharp\Functional-CSharp.csproj", "{290A2BFC-7EA9-46A8-AE51-2CA5B370EFCF}"
EndProject
Project("{FAE04EC0-301F-11D3-BF4B-00C04F79EFBC}") = "Functional-CSharp_Tests", "Functional-CSharp_Tests\Functional-CSharp_Tests.csproj", "{6A2173EC-85B7-4DFA-B614-91A9766DDCDD}"
EndProject
Project("{FAE04EC0-301F-11D3-BF4B-00C04F79EFBC}") = "Functional-CSharp_Benchmarks", "Functional-CSharp_Benchmarks\Functional-CSharp_Benchmarks.csproj", "{82A5CAC7-EFFE-43F1-9C56-1EC8F45720FC}"
EndProject
Global
	GlobalSection(SolutionConfigurationPlatforms) = preSolution
		Debug|Any CPU = Debug|Any CPU
		Release|Any CPU = Release|Any CPU
	EndGlobalSection
	GlobalSection(ProjectConfigurationPlatforms) = postSolution
		{290A2BFC-7EA9-46A8-AE51-2CA5B370EFCF}.Debug|Any CPU.ActiveCfg = Debug|Any CPU
		{290A2BFC-7EA9-46A8-AE51-2CA5B370EFCF}.Debug|Any CPU.Build.0 = Debug|Any CPU
		{290A2BFC-7EA9-46A8-AE51-2CA5B370EFCF}.Release|Any CPU.ActiveCfg = Release|Any CPU
		{290A2BFC-7EA9-46A8-AE51-2CA5B370EFCF}.Release|Any CPU.Build.0 = Release|Any CPU
		{6A2173EC-85B7-4DFA-B614-91A9766DDCDD}.Debug|Any CPU.ActiveCfg = Debug|Any CPU
		{6A2173EC-85B7-4DFA-B614-91A9766DDCDD}.Debug|Any CPU.Build.0 = Debug|Any CPU
		{6A2173EC-85B7-4DFA-B614-91A9766DDCDD}.Release|Any CPU.ActiveCfg = Release|Any CPU
		{6A2173EC-85B7-4DFA-B614-91A9766DDCDD}.Release|Any CPU.Build.0 = Release|Any CPU
		{82A5CAC7-EFFE-43F1-9C56-1EC8F45720FC}.Debug|Any CPU.ActiveCfg = Debug|Any CPU
		{82A5CAC7-EFFE-43F1-9C56-1EC8F45720FC}.Debug|Any CPU.Build.0 = Debug|Any CPU
		{82A5CAC7-EFFE-43F1-9C56-1EC8F45720FC}.Release|Any CPU.ActiveCfg = Release|Any CPU
		{82A5CAC7-EFFE-43F1-9C56-1EC8F45720FC}.Release|Any CPU.Build.0 = Release|Any CPU
	EndGlobalSection
EndGlobal
